{
  "requires": true,
  "lockfileVersion": 1,
  "dependencies": {
    "chess.js": {
      "version": "1.0.0-beta.8",
      "resolved": "https://clappia-942428920331.d.codeartifact.ap-south-1.amazonaws.com/npm/clappia/chess.js/-/chess.js-1.0.0-beta.8.tgz",
      "integrity": "sha512-UngzUMXmexcQaQA/UEJuJj5vatEy34awYMD5YMOp/FW3HM7lqspp7ymYs5JAmquDq0WROtURRfSffoa/vrCCyw=="
    },
    "typescript-map": {
      "version": "0.1.0",
      "resolved": "https://clappia-942428920331.d.codeartifact.ap-south-1.amazonaws.com/npm/clappia/typescript-map/-/typescript-map-0.1.0.tgz",
      "integrity": "sha512-py1csqjGZR7LoENWvr5aqN4jYFDkthQZ1sCuMBr0/NuRJ5sSs5RqopqZhE2gFbLesKDec+RE0sraYV2ebrDexQ=="
    }
  }
}
